<?xml version="1.0" encoding="utf-8"?>
<Project ToolsVersion="17.0" xmlns="http://schemas.microsoft.com/developer/msbuild/2003">
  <ItemGroup>
    <ClCompile Include="\\charlies-mbp.modem\charlie\git\CASM\src\c\extmain.c">
      <Filter>Source Files</Filter>
    </ClCompile>
    <ClCompile Include="\\charlies-mbp.modem\charlie\git\CASM\src\c\instruction.c">
      <Filter>Source Files</Filter>
    </ClCompile>
    <ClCompile Include="\\charlies-mbp.modem\charlie\git\CASM\src\cpp\cpu.cpp">
      <Filter>Source Files</Filter>
    </ClCompile>
    <ClCompile Include="\\charlies-mbp.modem\charlie\git\CASM\src\cpp\helper.cpp">
      <Filter>Source Files</Filter>
    </ClCompile>
  </ItemGroup>
  <ItemGroup>
    <ClInclude Include="\\charlies-mbp.modem\charlie\git\CASM\src\h\cpu.h">
      <Filter>Header Files</Filter>
    </ClInclude>
    <ClInclude Include="\\charlies-mbp.modem\charlie\git\CASM\src\h\errors.h">
      <Filter>Header Files</Filter>
    </ClInclude>
    <ClInclude Include="\\charlies-mbp.modem\charlie\git\CASM\src\h\instruction.h">
      <Filter>Header Files</Filter>
    </ClInclude>
    <ClInclude Include="\\charlies-mbp.modem\charlie\git\CASM\src\h\utils.h">
      <Filter>Header Files</Filter>
    </ClInclude>
  </ItemGroup>
  <ItemGroup>
    <CustomBuild Include="\\charlies-mbp.modem\charlie\git\CASM\CMakeLists.txt" />
  </ItemGroup>
  <ItemGroup>
    <Filter Include="Header Files">
      <UniqueIdentifier>{DCAE92D6-83EA-3991-90E3-1DA1ED09CED3}</UniqueIdentifier>
    </Filter>
    <Filter Include="Source Files">
      <UniqueIdentifier>{C6FABCEE-A2FD-3863-9CD1-2074E4F6FE4D}</UniqueIdentifier>
    </Filter>
  </ItemGroup>
</Project>
